
Microsoft Visual Studio Solution File, Format Version 12.00
# Visual Studio Version 17
VisualStudioVersion = 17.7.34202.233
MinimumVisualStudioVersion = 10.0.40219.1
Project("{FAE04EC0-301F-11D3-BF4B-00C04F79EFBC}") = "MVCRefresh", "MVCRefresh.csproj", "{9E345AD6-460C-492A-9138-74192183E214}"
EndProject
Global
	GlobalSection(SolutionConfigurationPlatforms) = preSolution
		Debug|Any CPU = Debug|Any CPU
		Release|Any CPU = Release|Any CPU
	EndGlobalSection
	GlobalSection(ProjectConfigurationPlatforms) = postSolution
		{9E345AD6-460C-492A-9138-74192183E214}.Debug|Any CPU.ActiveCfg = Debug|Any CPU
		{9E345AD6-460C-492A-9138-74192183E214}.Debug|Any CPU.Build.0 = Debug|Any CPU
		{9E345AD6-460C-492A-9138-74192183E214}.Release|Any CPU.ActiveCfg = Release|Any CPU
		{9E345AD6-460C-492A-9138-74192183E214}.Release|Any CPU.Build.0 = Release|Any CPU
	EndGlobalSection
	GlobalSection(SolutionProperties) = preSolution
		HideSolutionNode = FALSE
	EndGlobalSection
	GlobalSection(ExtensibilityGlobals) = postSolution
		SolutionGuid = {CDE03127-6344-4FA9-8E67-54823E106222}
	EndGlobalSection
EndGlobal
